#include<locale.h>
#include<stdio.h>
int main()
{
	int N = 6;
	int K = 15;
	setlocale(LC_CTYPE, "RUS");
	printf("Сейчас %d часов %d минут 00 секунд", N, K);
	printf(" Идёт %d минута суток\n", N * 60 + K);
	printf("До полуночи осталось %d часов и %d минут", 24 - N - 1, 60 - K);
	printf("С 8:00 прошло %d секунд\n", (24 - N - 1) * 3600, (60 - K) * 60);
	printf("Текущий час = %d/24 и текущая минута = %d/60 часа\n", N, K);
}
